github.com/cenkalti/backoff v2.2.1+incompatible h1:tNowT99t7UNflLxfYYSlKYsBpXdEet03Pg2g16Swow4=
github.com/cenkalti/backoff v2.2.1+incompatible/go.mod h1:90ReRw6GdpyfrHakVjL/QHaoyV4aDUVVkXQJJJ3NXXM=
github.com/ctdk/goiardi v0.11.10 h1:IB/3Afl1pC2Q4KGwzmhHPAoJfe8VtU51wZ2V0QkvsL0=
github.com/ctdk/goiardi v0.11.10/go.mod h1:Pr6Cj6Wsahw45myttaOEZeZ0LE7p1qzWmzgsBISkrNI=
github.com/davecgh/go-spew v1.1.1 h1:vj9j/u1bqnvCEfJOwUhtlOARqs3+rkHYY13jYWTU97c=
github.com/davecgh/go-spew v1.1.1/go.mod h1:J7Y8YcW2NihsgmVo/mv3lAwl/skON4iLHjSsI+c5H38=
github.com/go-chef/chef v0.30.1 h1:yvOSijEBWAQtRbBPj9hz1atEJUU6HckPc7AaEyZXnLg=
github.com/go-chef/chef v0.30.1/go.mod h1:7RU1oCrRErTrkmIszkhJ9vHw7Bv2hZ1Vv1C1qKj01fc=
github.com/gopherjs/gopherjs v1.17.2 h1:fQnZVsXk8uxXIStYb0N4bGk7jeyTalG/wsZjQ25dO0g=
github.com/gopherjs/gopherjs v1.17.2/go.mod h1:pRRIvn/QzFLrKfvEz3qUuEhtE/zLCWfreZ6J5gM2i+k=
github.com/hashicorp/go-cleanhttp v0.5.2 h1:035FKYIWjmULyFRBKPs8TBQoi0x6d9G4xc9neXJWAZQ=
github.com/hashicorp/go-cleanhttp v0.5.2/go.mod h1:kO/YDlP8L1346E6Sodw+PrpBSV4/SoxCXGY6BqNFT48=
github.com/hashicorp/go-retryablehttp v0.7.2 h1:AcYqCvkpalPnPF2pn0KamgwamS42TqUDDYFRKq/RAd0=
github.com/hashicorp/go-retryablehttp v0.7.2/go.mod h1:Jy/gPYAdjqffZ/yFGCFV2doI5wjtH1ewM9u8iYVjtX8=
github.com/jtolds/gls v4.20.0+incompatible h1:xdiiI2gbIgH/gLH7ADydsJ1uDOEzR8yvV7C0MuV77Wo=
github.com/jtolds/gls v4.20.0+incompatible/go.mod h1:QJZ7F/aHp+rZTRtaJ1ow/lLfFfVYBRgL+9YlvaHOwJU=
github.com/pmezard/go-difflib v1.0.0 h1:4DBwDE0NGyQoBHbLQYPwSUPoCMWR5BEzIk/f1lZbAQM=
github.com/pmezard/go-difflib v1.0.0/go.mod h1:iKH77koFhYxTK1pcRnkKkqfTogsbg7gZNVY4sRDYZ/4=
github.com/r3labs/diff v0.0.0-20191120142937-b4ed99a31f5a h1:2v4Ipjxa3sh+xn6GvtgrMub2ci4ZLQMvTaYIba2lfdc=
github.com/r3labs/diff v0.0.0-20191120142937-b4ed99a31f5a/go.mod h1:ozniNEFS3j1qCwHKdvraMn1WJOsUxHd7lYfukEIS4cs=
github.com/smarty/assertions v1.15.0 h1:cR//PqUBUiQRakZWqBiFFQ9wb8emQGDb0HeGdqGByCY=
github.com/smarty/assertions v1.15.0/go.mod h1:yABtdzeQs6l1brC900WlRNwj6ZR55d7B+E8C6HtKdec=
github.com/smartystreets/goconvey v1.8.1 h1:qGjIddxOk4grTu9JPOU31tVfq3cNdBlNa5sSznIX1xY=
github.com/smartystreets/goconvey v1.8.1/go.mod h1:+/u4qLyY6x1jReYOp7GOM2FSt8aP9CzCZL03bI28W60=
github.com/stretchr/testify v1.8.0 h1:pSgiaMZlXftHpm5L7V1+rVB+AZJydKsMxsQBIJw4PKk=
github.com/stretchr/testify v1.8.0/go.mod h1:yNjHg4UonilssWZ8iaSj1OCr/vHnekPRkoO+kdMU+MU=
golang.org/x/crypto v0.36.0 h1:AnAEvhDddvBdpY+uR+MyHmuZzzNqXSe/GvuDeob5L34=
golang.org/x/crypto v0.36.0/go.mod h1:Y4J0ReaxCR1IMaabaSMugxJES1EpwhBHhv2bDHklZvc=
golang.org/x/sys v0.31.0 h1:ioabZlmFYtWhL+TRYpcnNlLwhyxaM9kWTDEmfnprqik=
golang.org/x/sys v0.31.0/go.mod h1:BJP2sWEmIv4KK5OTEluFJCKSidICx8ciO85XgH3Ak8k=
golang.org/x/term v0.30.0 h1:PQ39fJZ+mfadBm0y5WlL4vlM7Sx1Hgf13sMIY2+QS9Y=
golang.org/x/term v0.30.0/go.mod h1:NYYFdzHoI5wRh/h5tDMdMqCqPJZEuNqVR5xJLd/n67g=
gopkg.in/yaml.v3 v3.0.1 h1:fxVm/GzAzEWqLHuvctI91KS9hhNmmWOoWu0XTYJS7CA=
gopkg.in/yaml.v3 v3.0.1/go.mod h1:K4uyk7z7BCEPqu6E+C64Yfv1cQ7kz7rIZviUmN+EgEM=
